
Microsoft Visual Studio Solution File, Format Version 12.00
# Visual Studio 14
VisualStudioVersion = 14.0.25123.0
MinimumVisualStudioVersion = 10.0.40219.1
Project("{FAE04EC0-301F-11D3-BF4B-00C04F79EFBC}") = "TabPageDemo.Droid", "TabPageDemo\TabPageDemo.Droid\TabPageDemo.Droid.csproj", "{7A25ACB5-C6B3-4ABF-A6BB-E4B3FC35E547}"
EndProject
Project("{FAE04EC0-301F-11D3-BF4B-00C04F79EFBC}") = "TabPageDemo.iOS", "TabPageDemo\TabPageDemo.iOS\TabPageDemo.iOS.csproj", "{8088B088-6C9A-4C65-8423-CE4453527DEE}"
EndProject
Project("{FAE04EC0-301F-11D3-BF4B-00C04F79EFBC}") = "TabPageDemo.WinPhone", "TabPageDemo\TabPageDemo.WinPhone\TabPageDemo.WinPhone.csproj", "{481E8DA4-61E5-4F2E-B829-DBF4054606A2}"
EndProject
Project("{FAE04EC0-301F-11D3-BF4B-00C04F79EFBC}") = "TabPageDemo.UWP", "TabPageDemo\TabPageDemo.UWP\TabPageDemo.UWP.csproj", "{9C84AC89-1544-49B8-8B7C-CDEE66E85237}"
EndProject
Project("{FAE04EC0-301F-11D3-BF4B-00C04F79EFBC}") = "TabPageDemo.Windows", "TabPageDemo\TabPageDemo.Windows\TabPageDemo.Windows.csproj", "{8BED5FE1-CB25-4AF5-9CC3-AB8D8765FFB3}"
EndProject
Project("{FAE04EC0-301F-11D3-BF4B-00C04F79EFBC}") = "TabPageDemo", "TabPageDemo\TabPageDemo\TabPageDemo.csproj", "{206F119D-B1F1-44F7-84D8-8EE21D511140}"
EndProject
Global
	GlobalSection(SolutionConfigurationPlatforms) = preSolution
		Ad-Hoc|Any CPU = Ad-Hoc|Any CPU
		Ad-Hoc|ARM = Ad-Hoc|ARM
		Ad-Hoc|iPhone = Ad-Hoc|iPhone
		Ad-Hoc|iPhoneSimulator = Ad-Hoc|iPhoneSimulator
		Ad-Hoc|x64 = Ad-Hoc|x64
		Ad-Hoc|x86 = Ad-Hoc|x86
		AppStore|Any CPU = AppStore|Any CPU
		AppStore|ARM = AppStore|ARM
		AppStore|iPhone = AppStore|iPhone
		AppStore|iPhoneSimulator = AppStore|iPhoneSimulator
		AppStore|x64 = AppStore|x64
		AppStore|x86 = AppStore|x86
		Debug|Any CPU = Debug|Any CPU
		Debug|ARM = Debug|ARM
		Debug|iPhone = Debug|iPhone
		Debug|iPhoneSimulator = Debug|iPhoneSimulator
		Debug|x64 = Debug|x64
		Debug|x86 = Debug|x86
		Release|Any CPU = Release|Any CPU
		Release|ARM = Release|ARM
		Release|iPhone = Release|iPhone
		Release|iPhoneSimulator = Release|iPhoneSimulator
		Release|x64 = Release|x64
		Release|x86 = Release|x86
	EndGlobalSection
	GlobalSection(ProjectConfigurationPlatforms) = postSolution
		{7A25ACB5-C6B3-4ABF-A6BB-E4B3FC35E547}.Ad-Hoc|Any CPU.ActiveCfg = Release|Any CPU
		{7A25ACB5-C6B3-4ABF-A6BB-E4B3FC35E547}.Ad-Hoc|Any CPU.Build.0 = Release|Any CPU
		{7A25ACB5-C6B3-4ABF-A6BB-E4B3FC35E547}.Ad-Hoc|Any CPU.Deploy.0 = Release|Any CPU
		{7A25ACB5-C6B3-4ABF-A6BB-E4B3FC35E547}.Ad-Hoc|ARM.ActiveCfg = Release|Any CPU
		{7A25ACB5-C6B3-4ABF-A6BB-E4B3FC35E547}.Ad-Hoc|ARM.Build.0 = Release|Any CPU
		{7A25ACB5-C6B3-4ABF-A6BB-E4B3FC35E547}.Ad-Hoc|ARM.Deploy.0 = Release|Any CPU
		{7A25ACB5-C6B3-4ABF-A6BB-E4B3FC35E547}.Ad-Hoc|iPhone.ActiveCfg = Release|Any CPU
		{7A25ACB5-C6B3-4ABF-A6BB-E4B3FC35E547}.Ad-Hoc|iPhone.Build.0 = Release|Any CPU
		{7A25ACB5-C6B3-4ABF-A6BB-E4B3FC35E547}.Ad-Hoc|iPhone.Deploy.0 = Release|Any CPU
		{7A25ACB5-C6B3-4ABF-A6BB-E4B3FC35E547}.Ad-Hoc|iPhoneSimulator.ActiveCfg = Release|Any CPU
		{7A25ACB5-C6B3-4ABF-A6BB-E4B3FC35E547}.Ad-Hoc|iPhoneSimulator.Build.0 = Release|Any CPU
		{7A25ACB5-C6B3-4ABF-A6BB-E4B3FC35E547}.Ad-Hoc|iPhoneSimulator.Deploy.0 = Release|Any CPU
		{7A25ACB5-C6B3-4ABF-A6BB-E4B3FC35E547}.Ad-Hoc|x64.ActiveCfg = Release|Any CPU
		{7A25ACB5-C6B3-4ABF-A6BB-E4B3FC35E547}.Ad-Hoc|x64.Build.0 = Release|Any CPU
		{7A25ACB5-C6B3-4ABF-A6BB-E4B3FC35E547}.Ad-Hoc|x64.Deploy.0 = Release|Any CPU
		{7A25ACB5-C6B3-4ABF-A6BB-E4B3FC35E547}.Ad-Hoc|x86.ActiveCfg = Release|Any CPU
		{7A25ACB5-C6B3-4ABF-A6BB-E4B3FC35E547}.Ad-Hoc|x86.Build.0 = Release|Any CPU
		{7A25ACB5-C6B3-4ABF-A6BB-E4B3FC35E547}.Ad-Hoc|x86.Deploy.0 = Release|Any CPU
		{7A25ACB5-C6B3-4ABF-A6BB-E4B3FC35E547}.AppStore|Any CPU.ActiveCfg = Release|Any CPU
		{7A25ACB5-C6B3-4ABF-A6BB-E4B3FC35E547}.AppStore|Any CPU.Build.0 = Release|Any CPU
		{7A25ACB5-C6B3-4ABF-A6BB-E4B3FC35E547}.AppStore|Any CPU.Deploy.0 = Release|Any CPU
		{7A25ACB5-C6B3-4ABF-A6BB-E4B3FC35E547}.AppStore|ARM.ActiveCfg = Release|Any CPU
		{7A25ACB5-C6B3-4ABF-A6BB-E4B3FC35E547}.AppStore|ARM.Build.0 = Release|Any CPU
		{7A25ACB5-C6B3-4ABF-A6BB-E4B3FC35E547}.AppStore|ARM.Deploy.0 = Release|Any CPU
		{7A25ACB5-C6B3-4ABF-A6BB-E4B3FC35E547}.AppStore|iPhone.ActiveCfg = Release|Any CPU
		{7A25ACB5-C6B3-4ABF-A6BB-E4B3FC35E547}.AppStore|iPhone.Build.0 = Release|Any CPU
		{7A25ACB5-C6B3-4ABF-A6BB-E4B3FC35E547}.AppStore|iPhone.Deploy.0 = Release|Any CPU
		{7A25ACB5-C6B3-4ABF-A6BB-E4B3FC35E547}.AppStore|iPhoneSimulator.ActiveCfg = Release|Any CPU
		{7A25ACB5-C6B3-4ABF-A6BB-E4B3FC35E547}.AppStore|iPhoneSimulator.Build.0 = Release|Any CPU
		{7A25ACB5-C6B3-4ABF-A6BB-E4B3FC35E547}.AppStore|iPhoneSimulator.Deploy.0 = Release|Any CPU
		{7A25ACB5-C6B3-4ABF-A6BB-E4B3FC35E547}.AppStore|x64.ActiveCfg = Release|Any CPU
		{7A25ACB5-C6B3-4ABF-A6BB-E4B3FC35E547}.AppStore|x64.Build.0 = Release|Any CPU
		{7A25ACB5-C6B3-4ABF-A6BB-E4B3FC35E547}.AppStore|x64.Deploy.0 = Release|Any CPU
		{7A25ACB5-C6B3-4ABF-A6BB-E4B3FC35E547}.AppStore|x86.ActiveCfg = Release|Any CPU
		{7A25ACB5-C6B3-4ABF-A6BB-E4B3FC35E547}.AppStore|x86.Build.0 = Release|Any CPU
		{7A25ACB5-C6B3-4ABF-A6BB-E4B3FC35E547}.AppStore|x86.Deploy.0 = Release|Any CPU
		{7A25ACB5-C6B3-4ABF-A6BB-E4B3FC35E547}.Debug|Any CPU.ActiveCfg = Debug|Any CPU
		{7A25ACB5-C6B3-4ABF-A6BB-E4B3FC35E547}.Debug|Any CPU.Build.0 = Debug|Any CPU
		{7A25ACB5-C6B3-4ABF-A6BB-E4B3FC35E547}.Debug|Any CPU.Deploy.0 = Debug|Any CPU
		{7A25ACB5-C6B3-4ABF-A6BB-E4B3FC35E547}.Debug|ARM.ActiveCfg = Debug|Any CPU
		{7A25ACB5-C6B3-4ABF-A6BB-E4B3FC35E547}.Debug|ARM.Build.0 = Debug|Any CPU
		{7A25ACB5-C6B3-4ABF-A6BB-E4B3FC35E547}.Debug|ARM.Deploy.0 = Debug|Any CPU
		{7A25ACB5-C6B3-4ABF-A6BB-E4B3FC35E547}.Debug|iPhone.ActiveCfg = Debug|Any CPU
		{7A25ACB5-C6B3-4ABF-A6BB-E4B3FC35E547}.Debug|iPhone.Build.0 = Debug|Any CPU
		{7A25ACB5-C6B3-4ABF-A6BB-E4B3FC35E547}.Debug|iPhone.Deploy.0 = Debug|Any CPU
		{7A25ACB5-C6B3-4ABF-A6BB-E4B3FC35E547}.Debug|iPhoneSimulator.ActiveCfg = Debug|Any CPU
		{7A25ACB5-C6B3-4ABF-A6BB-E4B3FC35E547}.Debug|iPhoneSimulator.Build.0 = Debug|Any CPU
		{7A25ACB5-C6B3-4ABF-A6BB-E4B3FC35E547}.Debug|iPhoneSimulator.Deploy.0 = Debug|Any CPU
		{7A25ACB5-C6B3-4ABF-A6BB-E4B3FC35E547}.Debug|x64.ActiveCfg = Debug|Any CPU
		{7A25ACB5-C6B3-4ABF-A6BB-E4B3FC35E547}.Debug|x64.Build.0 = Debug|Any CPU
		{7A25ACB5-C6B3-4ABF-A6BB-E4B3FC35E547}.Debug|x64.Deploy.0 = Debug|Any CPU
		{7A25ACB5-C6B3-4ABF-A6BB-E4B3FC35E547}.Debug|x86.ActiveCfg = Debug|Any CPU
		{7A25ACB5-C6B3-4ABF-A6BB-E4B3FC35E547}.Debug|x86.Build.0 = Debug|Any CPU
		{7A25ACB5-C6B3-4ABF-A6BB-E4B3FC35E547}.Debug|x86.Deploy.0 = Debug|Any CPU
		{7A25ACB5-C6B3-4ABF-A6BB-E4B3FC35E547}.Release|Any CPU.ActiveCfg = Release|Any CPU
		{7A25ACB5-C6B3-4ABF-A6BB-E4B3FC35E547}.Release|Any CPU.Build.0 = Release|Any CPU
		{7A25ACB5-C6B3-4ABF-A6BB-E4B3FC35E547}.Release|Any CPU.Deploy.0 = Release|Any CPU
		{7A25ACB5-C6B3-4ABF-A6BB-E4B3FC35E547}.Release|ARM.ActiveCfg = Release|Any CPU
		{7A25ACB5-C6B3-4ABF-A6BB-E4B3FC35E547}.Release|ARM.Build.0 = Release|Any CPU
		{7A25ACB5-C6B3-4ABF-A6BB-E4B3FC35E547}.Release|ARM.Deploy.0 = Release|Any CPU
		{7A25ACB5-C6B3-4ABF-A6BB-E4B3FC35E547}.Release|iPhone.ActiveCfg = Release|Any CPU
		{7A25ACB5-C6B3-4ABF-A6BB-E4B3FC35E547}.Release|iPhone.Build.0 = Release|Any CPU
		{7A25ACB5-C6B3-4ABF-A6BB-E4B3FC35E547}.Release|iPhone.Deploy.0 = Release|Any CPU
		{7A25ACB5-C6B3-4ABF-A6BB-E4B3FC35E547}.Release|iPhoneSimulator.ActiveCfg = Release|Any CPU
		{7A25ACB5-C6B3-4ABF-A6BB-E4B3FC35E547}.Release|iPhoneSimulator.Build.0 = Release|Any CPU
		{7A25ACB5-C6B3-4ABF-A6BB-E4B3FC35E547}.Release|iPhoneSimulator.Deploy.0 = Release|Any CPU
		{7A25ACB5-C6B3-4ABF-A6BB-E4B3FC35E547}.Release|x64.ActiveCfg = Release|Any CPU
		{7A25ACB5-C6B3-4ABF-A6BB-E4B3FC35E547}.Release|x64.Build.0 = Release|Any CPU
		{7A25ACB5-C6B3-4ABF-A6BB-E4B3FC35E547}.Release|x64.Deploy.0 = Release|Any CPU
		{7A25ACB5-C6B3-4ABF-A6BB-E4B3FC35E547}.Release|x86.ActiveCfg = Release|Any CPU
		{7A25ACB5-C6B3-4ABF-A6BB-E4B3FC35E547}.Release|x86.Build.0 = Release|Any CPU
		{7A25ACB5-C6B3-4ABF-A6BB-E4B3FC35E547}.Release|x86.Deploy.0 = Release|Any CPU
		{8088B088-6C9A-4C65-8423-CE4453527DEE}.Ad-Hoc|Any CPU.ActiveCfg = Ad-Hoc|iPhone
		{8088B088-6C9A-4C65-8423-CE4453527DEE}.Ad-Hoc|ARM.ActiveCfg = Ad-Hoc|iPhone
		{8088B088-6C9A-4C65-8423-CE4453527DEE}.Ad-Hoc|iPhone.ActiveCfg = Ad-Hoc|iPhone
		{8088B088-6C9A-4C65-8423-CE4453527DEE}.Ad-Hoc|iPhone.Build.0 = Ad-Hoc|iPhone
		{8088B088-6C9A-4C65-8423-CE4453527DEE}.Ad-Hoc|iPhoneSimulator.ActiveCfg = Ad-Hoc|iPhoneSimulator
		{8088B088-6C9A-4C65-8423-CE4453527DEE}.Ad-Hoc|iPhoneSimulator.Build.0 = Ad-Hoc|iPhoneSimulator
		{8088B088-6C9A-4C65-8423-CE4453527DEE}.Ad-Hoc|x64.ActiveCfg = Ad-Hoc|iPhone
		{8088B088-6C9A-4C65-8423-CE4453527DEE}.Ad-Hoc|x86.ActiveCfg = Ad-Hoc|iPhone
		{8088B088-6C9A-4C65-8423-CE4453527DEE}.AppStore|Any CPU.ActiveCfg = AppStore|iPhone
		{8088B088-6C9A-4C65-8423-CE4453527DEE}.AppStore|ARM.ActiveCfg = AppStore|iPhone
		{8088B088-6C9A-4C65-8423-CE4453527DEE}.AppStore|iPhone.ActiveCfg = AppStore|iPhone
		{8088B088-6C9A-4C65-8423-CE4453527DEE}.AppStore|iPhone.Build.0 = AppStore|iPhone
		{8088B088-6C9A-4C65-8423-CE4453527DEE}.AppStore|iPhoneSimulator.ActiveCfg = AppStore|iPhoneSimulator
		{8088B088-6C9A-4C65-8423-CE4453527DEE}.AppStore|iPhoneSimulator.Build.0 = AppStore|iPhoneSimulator
		{8088B088-6C9A-4C65-8423-CE4453527DEE}.AppStore|x64.ActiveCfg = AppStore|iPhone
		{8088B088-6C9A-4C65-8423-CE4453527DEE}.AppStore|x86.ActiveCfg = AppStore|iPhone
		{8088B088-6C9A-4C65-8423-CE4453527DEE}.Debug|Any CPU.ActiveCfg = Debug|iPhone
		{8088B088-6C9A-4C65-8423-CE4453527DEE}.Debug|ARM.ActiveCfg = Debug|iPhone
		{8088B088-6C9A-4C65-8423-CE4453527DEE}.Debug|iPhone.ActiveCfg = Debug|iPhone
		{8088B088-6C9A-4C65-8423-CE4453527DEE}.Debug|iPhone.Build.0 = Debug|iPhone
		{8088B088-6C9A-4C65-8423-CE4453527DEE}.Debug|iPhoneSimulator.ActiveCfg = Debug|iPhoneSimulator
		{8088B088-6C9A-4C65-8423-CE4453527DEE}.Debug|iPhoneSimulator.Build.0 = Debug|iPhoneSimulator
		{8088B088-6C9A-4C65-8423-CE4453527DEE}.Debug|x64.ActiveCfg = Debug|iPhone
		{8088B088-6C9A-4C65-8423-CE4453527DEE}.Debug|x86.ActiveCfg = Debug|iPhone
		{8088B088-6C9A-4C65-8423-CE4453527DEE}.Release|Any CPU.ActiveCfg = Release|iPhone
		{8088B088-6C9A-4C65-8423-CE4453527DEE}.Release|ARM.ActiveCfg = Release|iPhone
		{8088B088-6C9A-4C65-8423-CE4453527DEE}.Release|iPhone.ActiveCfg = Release|iPhone
		{8088B088-6C9A-4C65-8423-CE4453527DEE}.Release|iPhone.Build.0 = Release|iPhone
		{8088B088-6C9A-4C65-8423-CE4453527DEE}.Release|iPhoneSimulator.ActiveCfg = Release|iPhoneSimulator
		{8088B088-6C9A-4C65-8423-CE4453527DEE}.Release|iPhoneSimulator.Build.0 = Release|iPhoneSimulator
		{8088B088-6C9A-4C65-8423-CE4453527DEE}.Release|x64.ActiveCfg = Release|iPhone
		{8088B088-6C9A-4C65-8423-CE4453527DEE}.Release|x86.ActiveCfg = Release|iPhone
		{481E8DA4-61E5-4F2E-B829-DBF4054606A2}.Ad-Hoc|Any CPU.ActiveCfg = Release|Any CPU
		{481E8DA4-61E5-4F2E-B829-DBF4054606A2}.Ad-Hoc|Any CPU.Build.0 = Release|Any CPU
		{481E8DA4-61E5-4F2E-B829-DBF4054606A2}.Ad-Hoc|Any CPU.Deploy.0 = Release|Any CPU
		{481E8DA4-61E5-4F2E-B829-DBF4054606A2}.Ad-Hoc|ARM.ActiveCfg = Release|ARM
		{481E8DA4-61E5-4F2E-B829-DBF4054606A2}.Ad-Hoc|ARM.Build.0 = Release|ARM
		{481E8DA4-61E5-4F2E-B829-DBF4054606A2}.Ad-Hoc|ARM.Deploy.0 = Release|ARM
		{481E8DA4-61E5-4F2E-B829-DBF4054606A2}.Ad-Hoc|iPhone.ActiveCfg = Release|Any CPU
		{481E8DA4-61E5-4F2E-B829-DBF4054606A2}.Ad-Hoc|iPhone.Build.0 = Release|Any CPU
		{481E8DA4-61E5-4F2E-B829-DBF4054606A2}.Ad-Hoc|iPhone.Deploy.0 = Release|Any CPU
		{481E8DA4-61E5-4F2E-B829-DBF4054606A2}.Ad-Hoc|iPhoneSimulator.ActiveCfg = Release|Any CPU
		{481E8DA4-61E5-4F2E-B829-DBF4054606A2}.Ad-Hoc|iPhoneSimulator.Build.0 = Release|Any CPU
		{481E8DA4-61E5-4F2E-B829-DBF4054606A2}.Ad-Hoc|iPhoneSimulator.Deploy.0 = Release|Any CPU
		{481E8DA4-61E5-4F2E-B829-DBF4054606A2}.Ad-Hoc|x64.ActiveCfg = Release|Any CPU
		{481E8DA4-61E5-4F2E-B829-DBF4054606A2}.Ad-Hoc|x64.Build.0 = Release|Any CPU
		{481E8DA4-61E5-4F2E-B829-DBF4054606A2}.Ad-Hoc|x64.Deploy.0 = Release|Any CPU
		{481E8DA4-61E5-4F2E-B829-DBF4054606A2}.Ad-Hoc|x86.ActiveCfg = Release|x86
		{481E8DA4-61E5-4F2E-B829-DBF4054606A2}.Ad-Hoc|x86.Build.0 = Release|x86
		{481E8DA4-61E5-4F2E-B829-DBF4054606A2}.Ad-Hoc|x86.Deploy.0 = Release|x86
		{481E8DA4-61E5-4F2E-B829-DBF4054606A2}.AppStore|Any CPU.ActiveCfg = Release|Any CPU
		{481E8DA4-61E5-4F2E-B829-DBF4054606A2}.AppStore|Any CPU.Build.0 = Release|Any CPU
		{481E8DA4-61E5-4F2E-B829-DBF4054606A2}.AppStore|Any CPU.Deploy.0 = Release|Any CPU
		{481E8DA4-61E5-4F2E-B829-DBF4054606A2}.AppStore|ARM.ActiveCfg = Release|ARM
		{481E8DA4-61E5-4F2E-B829-DBF4054606A2}.AppStore|ARM.Build.0 = Release|ARM
		{481E8DA4-61E5-4F2E-B829-DBF4054606A2}.AppStore|ARM.Deploy.0 = Release|ARM
		{481E8DA4-61E5-4F2E-B829-DBF4054606A2}.AppStore|iPhone.ActiveCfg = Release|Any CPU
		{481E8DA4-61E5-4F2E-B829-DBF4054606A2}.AppStore|iPhone.Build.0 = Release|Any CPU
		{481E8DA4-61E5-4F2E-B829-DBF4054606A2}.AppStore|iPhone.Deploy.0 = Release|Any CPU
		{481E8DA4-61E5-4F2E-B829-DBF4054606A2}.AppStore|iPhoneSimulator.ActiveCfg = Release|Any CPU
		{481E8DA4-61E5-4F2E-B829-DBF4054606A2}.AppStore|iPhoneSimulator.Build.0 = Release|Any CPU
		{481E8DA4-61E5-4F2E-B829-DBF4054606A2}.AppStore|iPhoneSimulator.Deploy.0 = Release|Any CPU
		{481E8DA4-61E5-4F2E-B829-DBF4054606A2}.AppStore|x64.ActiveCfg = Release|Any CPU
		{481E8DA4-61E5-4F2E-B829-DBF4054606A2}.AppStore|x64.Build.0 = Release|Any CPU
		{481E8DA4-61E5-4F2E-B829-DBF4054606A2}.AppStore|x64.Deploy.0 = Release|Any CPU
		{481E8DA4-61E5-4F2E-B829-DBF4054606A2}.AppStore|x86.ActiveCfg = Release|x86
		{481E8DA4-61E5-4F2E-B829-DBF4054606A2}.AppStore|x86.Build.0 = Release|x86
		{481E8DA4-61E5-4F2E-B829-DBF4054606A2}.AppStore|x86.Deploy.0 = Release|x86
		{481E8DA4-61E5-4F2E-B829-DBF4054606A2}.Debug|Any CPU.ActiveCfg = Debug|Any CPU
		{481E8DA4-61E5-4F2E-B829-DBF4054606A2}.Debug|Any CPU.Build.0 = Debug|Any CPU
		{481E8DA4-61E5-4F2E-B829-DBF4054606A2}.Debug|Any CPU.Deploy.0 = Debug|Any CPU
		{481E8DA4-61E5-4F2E-B829-DBF4054606A2}.Debug|ARM.ActiveCfg = Debug|ARM
		{481E8DA4-61E5-4F2E-B829-DBF4054606A2}.Debug|ARM.Build.0 = Debug|ARM
		{481E8DA4-61E5-4F2E-B829-DBF4054606A2}.Debug|ARM.Deploy.0 = Debug|ARM
		{481E8DA4-61E5-4F2E-B829-DBF4054606A2}.Debug|iPhone.ActiveCfg = Debug|Any CPU
		{481E8DA4-61E5-4F2E-B829-DBF4054606A2}.Debug|iPhone.Build.0 = Debug|Any CPU
		{481E8DA4-61E5-4F2E-B829-DBF4054606A2}.Debug|iPhone.Deploy.0 = Debug|Any CPU
		{481E8DA4-61E5-4F2E-B829-DBF4054606A2}.Debug|iPhoneSimulator.ActiveCfg = Debug|Any CPU
		{481E8DA4-61E5-4F2E-B829-DBF4054606A2}.Debug|iPhoneSimulator.Build.0 = Debug|Any CPU
		{481E8DA4-61E5-4F2E-B829-DBF4054606A2}.Debug|iPhoneSimulator.Deploy.0 = Debug|Any CPU
		{481E8DA4-61E5-4F2E-B829-DBF4054606A2}.Debug|x64.ActiveCfg = Debug|Any CPU
		{481E8DA4-61E5-4F2E-B829-DBF4054606A2}.Debug|x64.Build.0 = Debug|Any CPU
		{481E8DA4-61E5-4F2E-B829-DBF4054606A2}.Debug|x64.Deploy.0 = Debug|Any CPU
		{481E8DA4-61E5-4F2E-B829-DBF4054606A2}.Debug|x86.ActiveCfg = Debug|x86
		{481E8DA4-61E5-4F2E-B829-DBF4054606A2}.Debug|x86.Build.0 = Debug|x86
		{481E8DA4-61E5-4F2E-B829-DBF4054606A2}.Debug|x86.Deploy.0 = Debug|x86
		{481E8DA4-61E5-4F2E-B829-DBF4054606A2}.Release|Any CPU.ActiveCfg = Release|Any CPU
		{481E8DA4-61E5-4F2E-B829-DBF4054606A2}.Release|Any CPU.Build.0 = Release|Any CPU
		{481E8DA4-61E5-4F2E-B829-DBF4054606A2}.Release|Any CPU.Deploy.0 = Release|Any CPU
		{481E8DA4-61E5-4F2E-B829-DBF4054606A2}.Release|ARM.ActiveCfg = Release|ARM
		{481E8DA4-61E5-4F2E-B829-DBF4054606A2}.Release|ARM.Build.0 = Release|ARM
		{481E8DA4-61E5-4F2E-B829-DBF4054606A2}.Release|ARM.Deploy.0 = Release|ARM
		{481E8DA4-61E5-4F2E-B829-DBF4054606A2}.Release|iPhone.ActiveCfg = Release|Any CPU
		{481E8DA4-61E5-4F2E-B829-DBF4054606A2}.Release|iPhone.Build.0 = Release|Any CPU
		{481E8DA4-61E5-4F2E-B829-DBF4054606A2}.Release|iPhone.Deploy.0 = Release|Any CPU
		{481E8DA4-61E5-4F2E-B829-DBF4054606A2}.Release|iPhoneSimulator.ActiveCfg = Release|Any CPU
		{481E8DA4-61E5-4F2E-B829-DBF4054606A2}.Release|iPhoneSimulator.Build.0 = Release|Any CPU
		{481E8DA4-61E5-4F2E-B829-DBF4054606A2}.Release|iPhoneSimulator.Deploy.0 = Release|Any CPU
		{481E8DA4-61E5-4F2E-B829-DBF4054606A2}.Release|x64.ActiveCfg = Release|Any CPU
		{481E8DA4-61E5-4F2E-B829-DBF4054606A2}.Release|x64.Build.0 = Release|Any CPU
		{481E8DA4-61E5-4F2E-B829-DBF4054606A2}.Release|x64.Deploy.0 = Release|Any CPU
		{481E8DA4-61E5-4F2E-B829-DBF4054606A2}.Release|x86.ActiveCfg = Release|x86
		{481E8DA4-61E5-4F2E-B829-DBF4054606A2}.Release|x86.Build.0 = Release|x86
		{481E8DA4-61E5-4F2E-B829-DBF4054606A2}.Release|x86.Deploy.0 = Release|x86
		{9C84AC89-1544-49B8-8B7C-CDEE66E85237}.Ad-Hoc|Any CPU.ActiveCfg = Release|x86
		{9C84AC89-1544-49B8-8B7C-CDEE66E85237}.Ad-Hoc|Any CPU.Build.0 = Release|x86
		{9C84AC89-1544-49B8-8B7C-CDEE66E85237}.Ad-Hoc|Any CPU.Deploy.0 = Release|x86
		{9C84AC89-1544-49B8-8B7C-CDEE66E85237}.Ad-Hoc|ARM.ActiveCfg = Release|ARM
		{9C84AC89-1544-49B8-8B7C-CDEE66E85237}.Ad-Hoc|ARM.Build.0 = Release|ARM
		{9C84AC89-1544-49B8-8B7C-CDEE66E85237}.Ad-Hoc|ARM.Deploy.0 = Release|ARM
		{9C84AC89-1544-49B8-8B7C-CDEE66E85237}.Ad-Hoc|iPhone.ActiveCfg = Release|x86
		{9C84AC89-1544-49B8-8B7C-CDEE66E85237}.Ad-Hoc|iPhone.Build.0 = Release|x86
		{9C84AC89-1544-49B8-8B7C-CDEE66E85237}.Ad-Hoc|iPhone.Deploy.0 = Release|x86
		{9C84AC89-1544-49B8-8B7C-CDEE66E85237}.Ad-Hoc|iPhoneSimulator.ActiveCfg = Release|x86
		{9C84AC89-1544-49B8-8B7C-CDEE66E85237}.Ad-Hoc|iPhoneSimulator.Build.0 = Release|x86
		{9C84AC89-1544-49B8-8B7C-CDEE66E85237}.Ad-Hoc|iPhoneSimulator.Deploy.0 = Release|x86
		{9C84AC89-1544-49B8-8B7C-CDEE66E85237}.Ad-Hoc|x64.ActiveCfg = Release|x64
		{9C84AC89-1544-49B8-8B7C-CDEE66E85237}.Ad-Hoc|x64.Build.0 = Release|x64
		{9C84AC89-1544-49B8-8B7C-CDEE66E85237}.Ad-Hoc|x64.Deploy.0 = Release|x64
		{9C84AC89-1544-49B8-8B7C-CDEE66E85237}.Ad-Hoc|x86.ActiveCfg = Release|x86
		{9C84AC89-1544-49B8-8B7C-CDEE66E85237}.Ad-Hoc|x86.Build.0 = Release|x86
		{9C84AC89-1544-49B8-8B7C-CDEE66E85237}.Ad-Hoc|x86.Deploy.0 = Release|x86
		{9C84AC89-1544-49B8-8B7C-CDEE66E85237}.AppStore|Any CPU.ActiveCfg = Release|x86
		{9C84AC89-1544-49B8-8B7C-CDEE66E85237}.AppStore|Any CPU.Build.0 = Release|x86
		{9C84AC89-1544-49B8-8B7C-CDEE66E85237}.AppStore|Any CPU.Deploy.0 = Release|x86
		{9C84AC89-1544-49B8-8B7C-CDEE66E85237}.AppStore|ARM.ActiveCfg = Release|ARM
		{9C84AC89-1544-49B8-8B7C-CDEE66E85237}.AppStore|ARM.Build.0 = Release|ARM
		{9C84AC89-1544-49B8-8B7C-CDEE66E85237}.AppStore|ARM.Deploy.0 = Release|ARM
		{9C84AC89-1544-49B8-8B7C-CDEE66E85237}.AppStore|iPhone.ActiveCfg = Release|x86
		{9C84AC89-1544-49B8-8B7C-CDEE66E85237}.AppStore|iPhone.Build.0 = Release|x86
		{9C84AC89-1544-49B8-8B7C-CDEE66E85237}.AppStore|iPhone.Deploy.0 = Release|x86
		{9C84AC89-1544-49B8-8B7C-CDEE66E85237}.AppStore|iPhoneSimulator.ActiveCfg = Release|x86
		{9C84AC89-1544-49B8-8B7C-CDEE66E85237}.AppStore|iPhoneSimulator.Build.0 = Release|x86
		{9C84AC89-1544-49B8-8B7C-CDEE66E85237}.AppStore|iPhoneSimulator.Deploy.0 = Release|x86
		{9C84AC89-1544-49B8-8B7C-CDEE66E85237}.AppStore|x64.ActiveCfg = Release|x64
		{9C84AC89-1544-49B8-8B7C-CDEE66E85237}.AppStore|x64.Build.0 = Release|x64
		{9C84AC89-1544-49B8-8B7C-CDEE66E85237}.AppStore|x64.Deploy.0 = Release|x64
		{9C84AC89-1544-49B8-8B7C-CDEE66E85237}.AppStore|x86.ActiveCfg = Release|x86
		{9C84AC89-1544-49B8-8B7C-CDEE66E85237}.AppStore|x86.Build.0 = Release|x86
		{9C84AC89-1544-49B8-8B7C-CDEE66E85237}.AppStore|x86.Deploy.0 = Release|x86
		{9C84AC89-1544-49B8-8B7C-CDEE66E85237}.Debug|Any CPU.ActiveCfg = Debug|x86
		{9C84AC89-1544-49B8-8B7C-CDEE66E85237}.Debug|ARM.ActiveCfg = Debug|ARM
		{9C84AC89-1544-49B8-8B7C-CDEE66E85237}.Debug|ARM.Build.0 = Debug|ARM
		{9C84AC89-1544-49B8-8B7C-CDEE66E85237}.Debug|ARM.Deploy.0 = Debug|ARM
		{9C84AC89-1544-49B8-8B7C-CDEE66E85237}.Debug|iPhone.ActiveCfg = Debug|x86
		{9C84AC89-1544-49B8-8B7C-CDEE66E85237}.Debug|iPhoneSimulator.ActiveCfg = Debug|x86
		{9C84AC89-1544-49B8-8B7C-CDEE66E85237}.Debug|x64.ActiveCfg = Debug|x64
		{9C84AC89-1544-49B8-8B7C-CDEE66E85237}.Debug|x64.Build.0 = Debug|x64
		{9C84AC89-1544-49B8-8B7C-CDEE66E85237}.Debug|x64.Deploy.0 = Debug|x64
		{9C84AC89-1544-49B8-8B7C-CDEE66E85237}.Debug|x86.ActiveCfg = Debug|x86
		{9C84AC89-1544-49B8-8B7C-CDEE66E85237}.Debug|x86.Build.0 = Debug|x86
		{9C84AC89-1544-49B8-8B7C-CDEE66E85237}.Debug|x86.Deploy.0 = Debug|x86
		{9C84AC89-1544-49B8-8B7C-CDEE66E85237}.Release|Any CPU.ActiveCfg = Release|x86
		{9C84AC89-1544-49B8-8B7C-CDEE66E85237}.Release|ARM.ActiveCfg = Release|ARM
		{9C84AC89-1544-49B8-8B7C-CDEE66E85237}.Release|ARM.Build.0 = Release|ARM
		{9C84AC89-1544-49B8-8B7C-CDEE66E85237}.Release|ARM.Deploy.0 = Release|ARM
		{9C84AC89-1544-49B8-8B7C-CDEE66E85237}.Release|iPhone.ActiveCfg = Release|x86
		{9C84AC89-1544-49B8-8B7C-CDEE66E85237}.Release|iPhoneSimulator.ActiveCfg = Release|x86
		{9C84AC89-1544-49B8-8B7C-CDEE66E85237}.Release|x64.ActiveCfg = Release|x64
		{9C84AC89-1544-49B8-8B7C-CDEE66E85237}.Release|x64.Build.0 = Release|x64
		{9C84AC89-1544-49B8-8B7C-CDEE66E85237}.Release|x64.Deploy.0 = Release|x64
		{9C84AC89-1544-49B8-8B7C-CDEE66E85237}.Release|x86.ActiveCfg = Release|x86
		{9C84AC89-1544-49B8-8B7C-CDEE66E85237}.Release|x86.Build.0 = Release|x86
		{9C84AC89-1544-49B8-8B7C-CDEE66E85237}.Release|x86.Deploy.0 = Release|x86
		{8BED5FE1-CB25-4AF5-9CC3-AB8D8765FFB3}.Ad-Hoc|Any CPU.ActiveCfg = Release|Any CPU
		{8BED5FE1-CB25-4AF5-9CC3-AB8D8765FFB3}.Ad-Hoc|Any CPU.Build.0 = Release|Any CPU
		{8BED5FE1-CB25-4AF5-9CC3-AB8D8765FFB3}.Ad-Hoc|Any CPU.Deploy.0 = Release|Any CPU
		{8BED5FE1-CB25-4AF5-9CC3-AB8D8765FFB3}.Ad-Hoc|ARM.ActiveCfg = Release|ARM
		{8BED5FE1-CB25-4AF5-9CC3-AB8D8765FFB3}.Ad-Hoc|ARM.Build.0 = Release|ARM
		{8BED5FE1-CB25-4AF5-9CC3-AB8D8765FFB3}.Ad-Hoc|ARM.Deploy.0 = Release|ARM
		{8BED5FE1-CB25-4AF5-9CC3-AB8D8765FFB3}.Ad-Hoc|iPhone.ActiveCfg = Release|Any CPU
		{8BED5FE1-CB25-4AF5-9CC3-AB8D8765FFB3}.Ad-Hoc|iPhone.Build.0 = Release|Any CPU
		{8BED5FE1-CB25-4AF5-9CC3-AB8D8765FFB3}.Ad-Hoc|iPhone.Deploy.0 = Release|Any CPU
		{8BED5FE1-CB25-4AF5-9CC3-AB8D8765FFB3}.Ad-Hoc|iPhoneSimulator.ActiveCfg = Release|Any CPU
		{8BED5FE1-CB25-4AF5-9CC3-AB8D8765FFB3}.Ad-Hoc|iPhoneSimulator.Build.0 = Release|Any CPU
		{8BED5FE1-CB25-4AF5-9CC3-AB8D8765FFB3}.Ad-Hoc|iPhoneSimulator.Deploy.0 = Release|Any CPU
		{8BED5FE1-CB25-4AF5-9CC3-AB8D8765FFB3}.Ad-Hoc|x64.ActiveCfg = Release|x64
		{8BED5FE1-CB25-4AF5-9CC3-AB8D8765FFB3}.Ad-Hoc|x64.Build.0 = Release|x64
		{8BED5FE1-CB25-4AF5-9CC3-AB8D8765FFB3}.Ad-Hoc|x64.Deploy.0 = Release|x64
		{8BED5FE1-CB25-4AF5-9CC3-AB8D8765FFB3}.Ad-Hoc|x86.ActiveCfg = Release|x86
		{8BED5FE1-CB25-4AF5-9CC3-AB8D8765FFB3}.Ad-Hoc|x86.Build.0 = Release|x86
		{8BED5FE1-CB25-4AF5-9CC3-AB8D8765FFB3}.Ad-Hoc|x86.Deploy.0 = Release|x86
		{8BED5FE1-CB25-4AF5-9CC3-AB8D8765FFB3}.AppStore|Any CPU.ActiveCfg = Release|Any CPU
		{8BED5FE1-CB25-4AF5-9CC3-AB8D8765FFB3}.AppStore|Any CPU.Build.0 = Release|Any CPU
		{8BED5FE1-CB25-4AF5-9CC3-AB8D8765FFB3}.AppStore|Any CPU.Deploy.0 = Release|Any CPU
		{8BED5FE1-CB25-4AF5-9CC3-AB8D8765FFB3}.AppStore|ARM.ActiveCfg = Release|ARM
		{8BED5FE1-CB25-4AF5-9CC3-AB8D8765FFB3}.AppStore|ARM.Build.0 = Release|ARM
		{8BED5FE1-CB25-4AF5-9CC3-AB8D8765FFB3}.AppStore|ARM.Deploy.0 = Release|ARM
		{8BED5FE1-CB25-4AF5-9CC3-AB8D8765FFB3}.AppStore|iPhone.ActiveCfg = Release|Any CPU
		{8BED5FE1-CB25-4AF5-9CC3-AB8D8765FFB3}.AppStore|iPhone.Build.0 = Release|Any CPU
		{8BED5FE1-CB25-4AF5-9CC3-AB8D8765FFB3}.AppStore|iPhone.Deploy.0 = Release|Any CPU
		{8BED5FE1-CB25-4AF5-9CC3-AB8D8765FFB3}.AppStore|iPhoneSimulator.ActiveCfg = Release|Any CPU
		{8BED5FE1-CB25-4AF5-9CC3-AB8D8765FFB3}.AppStore|iPhoneSimulator.Build.0 = Release|Any CPU
		{8BED5FE1-CB25-4AF5-9CC3-AB8D8765FFB3}.AppStore|iPhoneSimulator.Deploy.0 = Release|Any CPU
		{8BED5FE1-CB25-4AF5-9CC3-AB8D8765FFB3}.AppStore|x64.ActiveCfg = Release|x64
		{8BED5FE1-CB25-4AF5-9CC3-AB8D8765FFB3}.AppStore|x64.Build.0 = Release|x64
		{8BED5FE1-CB25-4AF5-9CC3-AB8D8765FFB3}.AppStore|x64.Deploy.0 = Release|x64
		{8BED5FE1-CB25-4AF5-9CC3-AB8D8765FFB3}.AppStore|x86.ActiveCfg = Release|x86
		{8BED5FE1-CB25-4AF5-9CC3-AB8D8765FFB3}.AppStore|x86.Build.0 = Release|x86
		{8BED5FE1-CB25-4AF5-9CC3-AB8D8765FFB3}.AppStore|x86.Deploy.0 = Release|x86
		{8BED5FE1-CB25-4AF5-9CC3-AB8D8765FFB3}.Debug|Any CPU.ActiveCfg = Debug|Any CPU
		{8BED5FE1-CB25-4AF5-9CC3-AB8D8765FFB3}.Debug|Any CPU.Build.0 = Debug|Any CPU
		{8BED5FE1-CB25-4AF5-9CC3-AB8D8765FFB3}.Debug|Any CPU.Deploy.0 = Debug|Any CPU
		{8BED5FE1-CB25-4AF5-9CC3-AB8D8765FFB3}.Debug|ARM.ActiveCfg = Debug|ARM
		{8BED5FE1-CB25-4AF5-9CC3-AB8D8765FFB3}.Debug|ARM.Build.0 = Debug|ARM
		{8BED5FE1-CB25-4AF5-9CC3-AB8D8765FFB3}.Debug|ARM.Deploy.0 = Debug|ARM
		{8BED5FE1-CB25-4AF5-9CC3-AB8D8765FFB3}.Debug|iPhone.ActiveCfg = Debug|Any CPU
		{8BED5FE1-CB25-4AF5-9CC3-AB8D8765FFB3}.Debug|iPhone.Build.0 = Debug|Any CPU
		{8BED5FE1-CB25-4AF5-9CC3-AB8D8765FFB3}.Debug|iPhone.Deploy.0 = Debug|Any CPU
		{8BED5FE1-CB25-4AF5-9CC3-AB8D8765FFB3}.Debug|iPhoneSimulator.ActiveCfg = Debug|Any CPU
		{8BED5FE1-CB25-4AF5-9CC3-AB8D8765FFB3}.Debug|iPhoneSimulator.Build.0 = Debug|Any CPU
		{8BED5FE1-CB25-4AF5-9CC3-AB8D8765FFB3}.Debug|iPhoneSimulator.Deploy.0 = Debug|Any CPU
		{8BED5FE1-CB25-4AF5-9CC3-AB8D8765FFB3}.Debug|x64.ActiveCfg = Debug|x64
		{8BED5FE1-CB25-4AF5-9CC3-AB8D8765FFB3}.Debug|x64.Build.0 = Debug|x64
		{8BED5FE1-CB25-4AF5-9CC3-AB8D8765FFB3}.Debug|x64.Deploy.0 = Debug|x64
		{8BED5FE1-CB25-4AF5-9CC3-AB8D8765FFB3}.Debug|x86.ActiveCfg = Debug|x86
		{8BED5FE1-CB25-4AF5-9CC3-AB8D8765FFB3}.Debug|x86.Build.0 = Debug|x86
		{8BED5FE1-CB25-4AF5-9CC3-AB8D8765FFB3}.Debug|x86.Deploy.0 = Debug|x86
		{8BED5FE1-CB25-4AF5-9CC3-AB8D8765FFB3}.Release|Any CPU.ActiveCfg = Release|Any CPU
		{8BED5FE1-CB25-4AF5-9CC3-AB8D8765FFB3}.Release|Any CPU.Build.0 = Release|Any CPU
		{8BED5FE1-CB25-4AF5-9CC3-AB8D8765FFB3}.Release|Any CPU.Deploy.0 = Release|Any CPU
		{8BED5FE1-CB25-4AF5-9CC3-AB8D8765FFB3}.Release|ARM.ActiveCfg = Release|ARM
		{8BED5FE1-CB25-4AF5-9CC3-AB8D8765FFB3}.Release|ARM.Build.0 = Release|ARM
		{8BED5FE1-CB25-4AF5-9CC3-AB8D8765FFB3}.Release|ARM.Deploy.0 = Release|ARM
		{8BED5FE1-CB25-4AF5-9CC3-AB8D8765FFB3}.Release|iPhone.ActiveCfg = Release|Any CPU
		{8BED5FE1-CB25-4AF5-9CC3-AB8D8765FFB3}.Release|iPhone.Build.0 = Release|Any CPU
		{8BED5FE1-CB25-4AF5-9CC3-AB8D8765FFB3}.Release|iPhone.Deploy.0 = Release|Any CPU
		{8BED5FE1-CB25-4AF5-9CC3-AB8D8765FFB3}.Release|iPhoneSimulator.ActiveCfg = Release|Any CPU
		{8BED5FE1-CB25-4AF5-9CC3-AB8D8765FFB3}.Release|iPhoneSimulator.Build.0 = Release|Any CPU
		{8BED5FE1-CB25-4AF5-9CC3-AB8D8765FFB3}.Release|iPhoneSimulator.Deploy.0 = Release|Any CPU
		{8BED5FE1-CB25-4AF5-9CC3-AB8D8765FFB3}.Release|x64.ActiveCfg = Release|x64
		{8BED5FE1-CB25-4AF5-9CC3-AB8D8765FFB3}.Release|x64.Build.0 = Release|x64
		{8BED5FE1-CB25-4AF5-9CC3-AB8D8765FFB3}.Release|x64.Deploy.0 = Release|x64
		{8BED5FE1-CB25-4AF5-9CC3-AB8D8765FFB3}.Release|x86.ActiveCfg = Release|x86
		{8BED5FE1-CB25-4AF5-9CC3-AB8D8765FFB3}.Release|x86.Build.0 = Release|x86
		{8BED5FE1-CB25-4AF5-9CC3-AB8D8765FFB3}.Release|x86.Deploy.0 = Release|x86
		{206F119D-B1F1-44F7-84D8-8EE21D511140}.Ad-Hoc|Any CPU.ActiveCfg = Release|Any CPU
		{206F119D-B1F1-44F7-84D8-8EE21D511140}.Ad-Hoc|Any CPU.Build.0 = Release|Any CPU
		{206F119D-B1F1-44F7-84D8-8EE21D511140}.Ad-Hoc|ARM.ActiveCfg = Release|Any CPU
		{206F119D-B1F1-44F7-84D8-8EE21D511140}.Ad-Hoc|ARM.Build.0 = Release|Any CPU
		{206F119D-B1F1-44F7-84D8-8EE21D511140}.Ad-Hoc|iPhone.ActiveCfg = Release|Any CPU
		{206F119D-B1F1-44F7-84D8-8EE21D511140}.Ad-Hoc|iPhone.Build.0 = Release|Any CPU
		{206F119D-B1F1-44F7-84D8-8EE21D511140}.Ad-Hoc|iPhoneSimulator.ActiveCfg = Release|Any CPU
		{206F119D-B1F1-44F7-84D8-8EE21D511140}.Ad-Hoc|iPhoneSimulator.Build.0 = Release|Any CPU
		{206F119D-B1F1-44F7-84D8-8EE21D511140}.Ad-Hoc|x64.ActiveCfg = Release|Any CPU
		{206F119D-B1F1-44F7-84D8-8EE21D511140}.Ad-Hoc|x64.Build.0 = Release|Any CPU
		{206F119D-B1F1-44F7-84D8-8EE21D511140}.Ad-Hoc|x86.ActiveCfg = Release|Any CPU
		{206F119D-B1F1-44F7-84D8-8EE21D511140}.Ad-Hoc|x86.Build.0 = Release|Any CPU
		{206F119D-B1F1-44F7-84D8-8EE21D511140}.AppStore|Any CPU.ActiveCfg = Release|Any CPU
		{206F119D-B1F1-44F7-84D8-8EE21D511140}.AppStore|Any CPU.Build.0 = Release|Any CPU
		{206F119D-B1F1-44F7-84D8-8EE21D511140}.AppStore|ARM.ActiveCfg = Release|Any CPU
		{206F119D-B1F1-44F7-84D8-8EE21D511140}.AppStore|ARM.Build.0 = Release|Any CPU
		{206F119D-B1F1-44F7-84D8-8EE21D511140}.AppStore|iPhone.ActiveCfg = Release|Any CPU
		{206F119D-B1F1-44F7-84D8-8EE21D511140}.AppStore|iPhone.Build.0 = Release|Any CPU
		{206F119D-B1F1-44F7-84D8-8EE21D511140}.AppStore|iPhoneSimulator.ActiveCfg = Release|Any CPU
		{206F119D-B1F1-44F7-84D8-8EE21D511140}.AppStore|iPhoneSimulator.Build.0 = Release|Any CPU
		{206F119D-B1F1-44F7-84D8-8EE21D511140}.AppStore|x64.ActiveCfg = Release|Any CPU
		{206F119D-B1F1-44F7-84D8-8EE21D511140}.AppStore|x64.Build.0 = Release|Any CPU
		{206F119D-B1F1-44F7-84D8-8EE21D511140}.AppStore|x86.ActiveCfg = Release|Any CPU
		{206F119D-B1F1-44F7-84D8-8EE21D511140}.AppStore|x86.Build.0 = Release|Any CPU
		{206F119D-B1F1-44F7-84D8-8EE21D511140}.Debug|Any CPU.ActiveCfg = Debug|Any CPU
		{206F119D-B1F1-44F7-84D8-8EE21D511140}.Debug|Any CPU.Build.0 = Debug|Any CPU
		{206F119D-B1F1-44F7-84D8-8EE21D511140}.Debug|ARM.ActiveCfg = Debug|Any CPU
		{206F119D-B1F1-44F7-84D8-8EE21D511140}.Debug|ARM.Build.0 = Debug|Any CPU
		{206F119D-B1F1-44F7-84D8-8EE21D511140}.Debug|iPhone.ActiveCfg = Debug|Any CPU
		{206F119D-B1F1-44F7-84D8-8EE21D511140}.Debug|iPhone.Build.0 = Debug|Any CPU
		{206F119D-B1F1-44F7-84D8-8EE21D511140}.Debug|iPhoneSimulator.ActiveCfg = Debug|Any CPU
		{206F119D-B1F1-44F7-84D8-8EE21D511140}.Debug|iPhoneSimulator.Build.0 = Debug|Any CPU
		{206F119D-B1F1-44F7-84D8-8EE21D511140}.Debug|x64.ActiveCfg = Debug|Any CPU
		{206F119D-B1F1-44F7-84D8-8EE21D511140}.Debug|x64.Build.0 = Debug|Any CPU
		{206F119D-B1F1-44F7-84D8-8EE21D511140}.Debug|x86.ActiveCfg = Debug|Any CPU
		{206F119D-B1F1-44F7-84D8-8EE21D511140}.Debug|x86.Build.0 = Debug|Any CPU
		{206F119D-B1F1-44F7-84D8-8EE21D511140}.Release|Any CPU.ActiveCfg = Release|Any CPU
		{206F119D-B1F1-44F7-84D8-8EE21D511140}.Release|Any CPU.Build.0 = Release|Any CPU
		{206F119D-B1F1-44F7-84D8-8EE21D511140}.Release|ARM.ActiveCfg = Release|Any CPU
		{206F119D-B1F1-44F7-84D8-8EE21D511140}.Release|ARM.Build.0 = Release|Any CPU
		{206F119D-B1F1-44F7-84D8-8EE21D511140}.Release|iPhone.ActiveCfg = Release|Any CPU
		{206F119D-B1F1-44F7-84D8-8EE21D511140}.Release|iPhone.Build.0 = Release|Any CPU
		{206F119D-B1F1-44F7-84D8-8EE21D511140}.Release|iPhoneSimulator.ActiveCfg = Release|Any CPU
		{206F119D-B1F1-44F7-84D8-8EE21D511140}.Release|iPhoneSimulator.Build.0 = Release|Any CPU
		{206F119D-B1F1-44F7-84D8-8EE21D511140}.Release|x64.ActiveCfg = Release|Any CPU
		{206F119D-B1F1-44F7-84D8-8EE21D511140}.Release|x64.Build.0 = Release|Any CPU
		{206F119D-B1F1-44F7-84D8-8EE21D511140}.Release|x86.ActiveCfg = Release|Any CPU
		{206F119D-B1F1-44F7-84D8-8EE21D511140}.Release|x86.Build.0 = Release|Any CPU
	EndGlobalSection
	GlobalSection(SolutionProperties) = preSolution
		HideSolutionNode = FALSE
	EndGlobalSection
EndGlobal
